
Microsoft Visual Studio Solution File, Format Version 12.00
# Visual Studio 15
VisualStudioVersion = 15.0.26430.16
MinimumVisualStudioVersion = 10.0.40219.1
Project("{9A19103F-16F7-4668-BE54-9A1E7A4F7556}") = "Cotal.WebApp", "Cotal.WebApp\Cotal.WebApp.csproj", "{70E51052-F91B-4DB2-AC2F-DCEA66ABC0D1}"
EndProject
Project("{2150E333-8FDC-42A3-9474-1A3956D46DE8}") = "Core", "Core", "{BF841796-9A46-46B1-9E6A-108DEDBED64E}"
EndProject
Project("{9A19103F-16F7-4668-BE54-9A1E7A4F7556}") = "Cotal.Core.Common", "Cotal.Core.Common\Cotal.Core.Common.csproj", "{0B2EF4B1-8DD7-454B-94BD-187FB7A06A7A}"
EndProject
Project("{9A19103F-16F7-4668-BE54-9A1E7A4F7556}") = "Cotal.Core.Domain", "Cotal.Core.Domain\Cotal.Core.Domain.csproj", "{2AF317A1-9661-491B-BC2C-6AA271D7ECBD}"
EndProject
Project("{9A19103F-16F7-4668-BE54-9A1E7A4F7556}") = "Cotal.Core.InfacBase", "Cotal.Core.InfacBase\Cotal.Core.InfacBase.csproj", "{40BEA259-2432-49D8-9829-0AF0144EE199}"
EndProject
Project("{9A19103F-16F7-4668-BE54-9A1E7A4F7556}") = "Cotal.Core.Identity", "Cotal.Core.Identity\Cotal.Core.Identity.csproj", "{A8AC8297-1F76-4828-B14D-E2EE2D9135C9}"
EndProject
Project("{2150E333-8FDC-42A3-9474-1A3956D46DE8}") = "App", "App", "{2CDC0E34-8D25-494B-AC1A-F1EBB6131E91}"
EndProject
Project("{9A19103F-16F7-4668-BE54-9A1E7A4F7556}") = "Cotal.App.Model", "Cotal.App.Model\Cotal.App.Model.csproj", "{3E53CEC9-65B1-49AA-8CA1-C6AEE929F112}"
EndProject
Project("{9A19103F-16F7-4668-BE54-9A1E7A4F7556}") = "Cotal.App.Data", "Cotal.App.Data\Cotal.App.Data.csproj", "{45245640-3365-4878-AAF5-4209DC7DB60B}"
EndProject
Project("{9A19103F-16F7-4668-BE54-9A1E7A4F7556}") = "Cotal.App.Business", "Cotal.App.Business\Cotal.App.Business.csproj", "{F1BD1B6F-D9EB-478B-8DDB-C57D0F31D188}"
EndProject
Project("{2150E333-8FDC-42A3-9474-1A3956D46DE8}") = "Docs", "Docs", "{CCFA62C6-9F03-476D-82A2-493D98A34EA6}"
	ProjectSection(SolutionItems) = preProject
		Note.txt = Note.txt
	EndProjectSection
EndProject
Project("{9A19103F-16F7-4668-BE54-9A1E7A4F7556}") = "xUnitTestCommon", "xUnitTestCommon\xUnitTestCommon.csproj", "{009D4BED-C75E-49F5-B685-C9705312712F}"
EndProject
Project("{2150E333-8FDC-42A3-9474-1A3956D46DE8}") = "xUnitTest", "xUnitTest", "{E9BE4E69-C022-4F33-B0EE-828FC52B884D}"
EndProject
Global
	GlobalSection(SolutionConfigurationPlatforms) = preSolution
		Debug|Any CPU = Debug|Any CPU
		Release|Any CPU = Release|Any CPU
	EndGlobalSection
	GlobalSection(ProjectConfigurationPlatforms) = postSolution
		{70E51052-F91B-4DB2-AC2F-DCEA66ABC0D1}.Debug|Any CPU.ActiveCfg = Debug|Any CPU
		{70E51052-F91B-4DB2-AC2F-DCEA66ABC0D1}.Debug|Any CPU.Build.0 = Debug|Any CPU
		{70E51052-F91B-4DB2-AC2F-DCEA66ABC0D1}.Release|Any CPU.ActiveCfg = Release|Any CPU
		{70E51052-F91B-4DB2-AC2F-DCEA66ABC0D1}.Release|Any CPU.Build.0 = Release|Any CPU
		{0B2EF4B1-8DD7-454B-94BD-187FB7A06A7A}.Debug|Any CPU.ActiveCfg = Debug|Any CPU
		{0B2EF4B1-8DD7-454B-94BD-187FB7A06A7A}.Debug|Any CPU.Build.0 = Debug|Any CPU
		{0B2EF4B1-8DD7-454B-94BD-187FB7A06A7A}.Release|Any CPU.ActiveCfg = Release|Any CPU
		{0B2EF4B1-8DD7-454B-94BD-187FB7A06A7A}.Release|Any CPU.Build.0 = Release|Any CPU
		{2AF317A1-9661-491B-BC2C-6AA271D7ECBD}.Debug|Any CPU.ActiveCfg = Debug|Any CPU
		{2AF317A1-9661-491B-BC2C-6AA271D7ECBD}.Debug|Any CPU.Build.0 = Debug|Any CPU
		{2AF317A1-9661-491B-BC2C-6AA271D7ECBD}.Release|Any CPU.ActiveCfg = Release|Any CPU
		{2AF317A1-9661-491B-BC2C-6AA271D7ECBD}.Release|Any CPU.Build.0 = Release|Any CPU
		{40BEA259-2432-49D8-9829-0AF0144EE199}.Debug|Any CPU.ActiveCfg = Debug|Any CPU
		{40BEA259-2432-49D8-9829-0AF0144EE199}.Debug|Any CPU.Build.0 = Debug|Any CPU
		{40BEA259-2432-49D8-9829-0AF0144EE199}.Release|Any CPU.ActiveCfg = Release|Any CPU
		{40BEA259-2432-49D8-9829-0AF0144EE199}.Release|Any CPU.Build.0 = Release|Any CPU
		{A8AC8297-1F76-4828-B14D-E2EE2D9135C9}.Debug|Any CPU.ActiveCfg = Debug|Any CPU
		{A8AC8297-1F76-4828-B14D-E2EE2D9135C9}.Debug|Any CPU.Build.0 = Debug|Any CPU
		{A8AC8297-1F76-4828-B14D-E2EE2D9135C9}.Release|Any CPU.ActiveCfg = Release|Any CPU
		{A8AC8297-1F76-4828-B14D-E2EE2D9135C9}.Release|Any CPU.Build.0 = Release|Any CPU
		{3E53CEC9-65B1-49AA-8CA1-C6AEE929F112}.Debug|Any CPU.ActiveCfg = Debug|Any CPU
		{3E53CEC9-65B1-49AA-8CA1-C6AEE929F112}.Debug|Any CPU.Build.0 = Debug|Any CPU
		{3E53CEC9-65B1-49AA-8CA1-C6AEE929F112}.Release|Any CPU.ActiveCfg = Release|Any CPU
		{3E53CEC9-65B1-49AA-8CA1-C6AEE929F112}.Release|Any CPU.Build.0 = Release|Any CPU
		{45245640-3365-4878-AAF5-4209DC7DB60B}.Debug|Any CPU.ActiveCfg = Debug|Any CPU
		{45245640-3365-4878-AAF5-4209DC7DB60B}.Debug|Any CPU.Build.0 = Debug|Any CPU
		{45245640-3365-4878-AAF5-4209DC7DB60B}.Release|Any CPU.ActiveCfg = Release|Any CPU
		{45245640-3365-4878-AAF5-4209DC7DB60B}.Release|Any CPU.Build.0 = Release|Any CPU
		{F1BD1B6F-D9EB-478B-8DDB-C57D0F31D188}.Debug|Any CPU.ActiveCfg = Debug|Any CPU
		{F1BD1B6F-D9EB-478B-8DDB-C57D0F31D188}.Debug|Any CPU.Build.0 = Debug|Any CPU
		{F1BD1B6F-D9EB-478B-8DDB-C57D0F31D188}.Release|Any CPU.ActiveCfg = Release|Any CPU
		{F1BD1B6F-D9EB-478B-8DDB-C57D0F31D188}.Release|Any CPU.Build.0 = Release|Any CPU
		{009D4BED-C75E-49F5-B685-C9705312712F}.Debug|Any CPU.ActiveCfg = Debug|Any CPU
		{009D4BED-C75E-49F5-B685-C9705312712F}.Debug|Any CPU.Build.0 = Debug|Any CPU
		{009D4BED-C75E-49F5-B685-C9705312712F}.Release|Any CPU.ActiveCfg = Release|Any CPU
		{009D4BED-C75E-49F5-B685-C9705312712F}.Release|Any CPU.Build.0 = Release|Any CPU
	EndGlobalSection
	GlobalSection(SolutionProperties) = preSolution
		HideSolutionNode = FALSE
	EndGlobalSection
	GlobalSection(NestedProjects) = preSolution
		{0B2EF4B1-8DD7-454B-94BD-187FB7A06A7A} = {BF841796-9A46-46B1-9E6A-108DEDBED64E}
		{2AF317A1-9661-491B-BC2C-6AA271D7ECBD} = {BF841796-9A46-46B1-9E6A-108DEDBED64E}
		{40BEA259-2432-49D8-9829-0AF0144EE199} = {BF841796-9A46-46B1-9E6A-108DEDBED64E}
		{A8AC8297-1F76-4828-B14D-E2EE2D9135C9} = {BF841796-9A46-46B1-9E6A-108DEDBED64E}
		{3E53CEC9-65B1-49AA-8CA1-C6AEE929F112} = {2CDC0E34-8D25-494B-AC1A-F1EBB6131E91}
		{45245640-3365-4878-AAF5-4209DC7DB60B} = {2CDC0E34-8D25-494B-AC1A-F1EBB6131E91}
		{F1BD1B6F-D9EB-478B-8DDB-C57D0F31D188} = {2CDC0E34-8D25-494B-AC1A-F1EBB6131E91}
		{009D4BED-C75E-49F5-B685-C9705312712F} = {E9BE4E69-C022-4F33-B0EE-828FC52B884D}
	EndGlobalSection
EndGlobal
